// !$*UTF8*$!
{
	archiveVersion = 1;
	classes = {
	};
	objectVersion = 55;
	objects = {

/* Begin PBXBuildFile section */
		B50308FA27C4E2FE0066D0EB /* AppDelegate.swift in Sources */ = {isa = PBXBuildFile; fileRef = B50308F927C4E2FE0066D0EB /* AppDelegate.swift */; };
		B50308FC27C4E2FE0066D0EB /* SceneDelegate.swift in Sources */ = {isa = PBXBuildFile; fileRef = B50308FB27C4E2FE0066D0EB /* SceneDelegate.swift */; };
		B50308FE27C4E2FE0066D0EB /* HomeViewController.swift in Sources */ = {isa = PBXBuildFile; fileRef = B50308FD27C4E2FE0066D0EB /* HomeViewController.swift */; };
		B503090327C4E3020066D0EB /* Assets.xcassets in Resources */ = {isa = PBXBuildFile; fileRef = B503090227C4E3020066D0EB /* Assets.xcassets */; };
		B503090627C4E3020066D0EB /* LaunchScreen.storyboard in Resources */ = {isa = PBXBuildFile; fileRef = B503090427C4E3020066D0EB /* LaunchScreen.storyboard */; };
		B503091127C4E3020066D0EB /* NetworkingTests.swift in Sources */ = {isa = PBXBuildFile; fileRef = B503091027C4E3020066D0EB /* NetworkingTests.swift */; };
		B503091B27C4E3020066D0EB /* RijksArtGalleryUITests.swift in Sources */ = {isa = PBXBuildFile; fileRef = B503091A27C4E3020066D0EB /* RijksArtGalleryUITests.swift */; };
		B503091D27C4E3020066D0EB /* RijksArtGalleryUITestsLaunchTests.swift in Sources */ = {isa = PBXBuildFile; fileRef = B503091C27C4E3020066D0EB /* RijksArtGalleryUITestsLaunchTests.swift */; };
		B503092B27C4E79D0066D0EB /* ArtItem.swift in Sources */ = {isa = PBXBuildFile; fileRef = B503092A27C4E79D0066D0EB /* ArtItem.swift */; };
		B503093027C4FE410066D0EB /* NetworkService.swift in Sources */ = {isa = PBXBuildFile; fileRef = B503092F27C4FE410066D0EB /* NetworkService.swift */; };
		B503093227C4FEDB0066D0EB /* HTTPMethod.swift in Sources */ = {isa = PBXBuildFile; fileRef = B503093127C4FEDB0066D0EB /* HTTPMethod.swift */; };
		B503093427C54C6E0066D0EB /* APICollection.swift in Sources */ = {isa = PBXBuildFile; fileRef = B503093327C54C6E0066D0EB /* APICollection.swift */; };
		B503093627C5593F0066D0EB /* NetworkErrors.swift in Sources */ = {isa = PBXBuildFile; fileRef = B503093527C5593F0066D0EB /* NetworkErrors.swift */; };
		B503093827C55D8B0066D0EB /* NetworkConfigurator.swift in Sources */ = {isa = PBXBuildFile; fileRef = B503093727C55D8B0066D0EB /* NetworkConfigurator.swift */; };
		B503093D27C55FB70066D0EB /* URLRequest+.swift in Sources */ = {isa = PBXBuildFile; fileRef = B503093C27C55FB70066D0EB /* URLRequest+.swift */; };
		B503093F27C5634B0066D0EB /* URLComponents+.swift in Sources */ = {isa = PBXBuildFile; fileRef = B503093E27C5634B0066D0EB /* URLComponents+.swift */; };
		B503094127C632650066D0EB /* NetworkSession.swift in Sources */ = {isa = PBXBuildFile; fileRef = B503094027C632650066D0EB /* NetworkSession.swift */; };
		B503094327C632E10066D0EB /* URLSession+.swift in Sources */ = {isa = PBXBuildFile; fileRef = B503094227C632E10066D0EB /* URLSession+.swift */; };
		B503094627C636260066D0EB /* NetworkSessionMock.swift in Sources */ = {isa = PBXBuildFile; fileRef = B503094527C636260066D0EB /* NetworkSessionMock.swift */; };
		B503094827C6B5AC0066D0EB /* NetworkServiceMock.swift in Sources */ = {isa = PBXBuildFile; fileRef = B503094727C6B5AC0066D0EB /* NetworkServiceMock.swift */; };
		B503094A27C8E8A90066D0EB /* JSONDecoder+.swift in Sources */ = {isa = PBXBuildFile; fileRef = B503094927C8E8A90066D0EB /* JSONDecoder+.swift */; };
		B503094C27C8E8CC0066D0EB /* JSONDecoderMock.swift in Sources */ = {isa = PBXBuildFile; fileRef = B503094B27C8E8CC0066D0EB /* JSONDecoderMock.swift */; };
		B503095127C925D60066D0EB /* HomeViewModel.swift in Sources */ = {isa = PBXBuildFile; fileRef = B503095027C925D60066D0EB /* HomeViewModel.swift */; };
		B503095527C92A1C0066D0EB /* ArtItemsService.swift in Sources */ = {isa = PBXBuildFile; fileRef = B503095427C92A1C0066D0EB /* ArtItemsService.swift */; };
		B503095727C92C630066D0EB /* ArtItemsAPIProvider.swift in Sources */ = {isa = PBXBuildFile; fileRef = B503095627C92C630066D0EB /* ArtItemsAPIProvider.swift */; };
/* End PBXBuildFile section */

/* Begin PBXContainerItemProxy section */
		B503090D27C4E3020066D0EB /* PBXContainerItemProxy */ = {
			isa = PBXContainerItemProxy;
			containerPortal = B50308EE27C4E2FE0066D0EB /* Project object */;
			proxyType = 1;
			remoteGlobalIDString = B50308F527C4E2FE0066D0EB;
			remoteInfo = RijksArtGallery;
		};
		B503091727C4E3020066D0EB /* PBXContainerItemProxy */ = {
			isa = PBXContainerItemProxy;
			containerPortal = B50308EE27C4E2FE0066D0EB /* Project object */;
			proxyType = 1;
			remoteGlobalIDString = B50308F527C4E2FE0066D0EB;
			remoteInfo = RijksArtGallery;
		};
/* End PBXContainerItemProxy section */

/* Begin PBXFileReference section */
		B50308F627C4E2FE0066D0EB /* RijksArtGallery.app */ = {isa = PBXFileReference; explicitFileType = wrapper.application; includeInIndex = 0; path = RijksArtGallery.app; sourceTree = BUILT_PRODUCTS_DIR; };
		B50308F927C4E2FE0066D0EB /* AppDelegate.swift */ = {isa = PBXFileReference; lastKnownFileType = sourcecode.swift; path = AppDelegate.swift; sourceTree = "<group>"; };
		B50308FB27C4E2FE0066D0EB /* SceneDelegate.swift */ = {isa = PBXFileReference; lastKnownFileType = sourcecode.swift; path = SceneDelegate.swift; sourceTree = "<group>"; };
		B50308FD27C4E2FE0066D0EB /* HomeViewController.swift */ = {isa = PBXFileReference; lastKnownFileType = sourcecode.swift; path = HomeViewController.swift; sourceTree = "<group>"; };
		B503090227C4E3020066D0EB /* Assets.xcassets */ = {isa = PBXFileReference; lastKnownFileType = folder.assetcatalog; path = Assets.xcassets; sourceTree = "<group>"; };
		B503090527C4E3020066D0EB /* Base */ = {isa = PBXFileReference; lastKnownFileType = file.storyboard; name = Base; path = Base.lproj/LaunchScreen.storyboard; sourceTree = "<group>"; };
		B503090727C4E3020066D0EB /* Info.plist */ = {isa = PBXFileReference; lastKnownFileType = text.plist.xml; path = Info.plist; sourceTree = "<group>"; };
		B503090C27C4E3020066D0EB /* RijksArtGalleryTests.xctest */ = {isa = PBXFileReference; explicitFileType = wrapper.cfbundle; includeInIndex = 0; path = RijksArtGalleryTests.xctest; sourceTree = BUILT_PRODUCTS_DIR; };
		B503091027C4E3020066D0EB /* NetworkingTests.swift */ = {isa = PBXFileReference; lastKnownFileType = sourcecode.swift; path = NetworkingTests.swift; sourceTree = "<group>"; };
		B503091627C4E3020066D0EB /* RijksArtGalleryUITests.xctest */ = {isa = PBXFileReference; explicitFileType = wrapper.cfbundle; includeInIndex = 0; path = RijksArtGalleryUITests.xctest; sourceTree = BUILT_PRODUCTS_DIR; };
		B503091A27C4E3020066D0EB /* RijksArtGalleryUITests.swift */ = {isa = PBXFileReference; lastKnownFileType = sourcecode.swift; path = RijksArtGalleryUITests.swift; sourceTree = "<group>"; };
		B503091C27C4E3020066D0EB /* RijksArtGalleryUITestsLaunchTests.swift */ = {isa = PBXFileReference; lastKnownFileType = sourcecode.swift; path = RijksArtGalleryUITestsLaunchTests.swift; sourceTree = "<group>"; };
		B503092A27C4E79D0066D0EB /* ArtItem.swift */ = {isa = PBXFileReference; lastKnownFileType = sourcecode.swift; path = ArtItem.swift; sourceTree = "<group>"; };
		B503092F27C4FE410066D0EB /* NetworkService.swift */ = {isa = PBXFileReference; lastKnownFileType = sourcecode.swift; path = NetworkService.swift; sourceTree = "<group>"; };
		B503093127C4FEDB0066D0EB /* HTTPMethod.swift */ = {isa = PBXFileReference; lastKnownFileType = sourcecode.swift; path = HTTPMethod.swift; sourceTree = "<group>"; };
		B503093327C54C6E0066D0EB /* APICollection.swift */ = {isa = PBXFileReference; lastKnownFileType = sourcecode.swift; path = APICollection.swift; sourceTree = "<group>"; };
		B503093527C5593F0066D0EB /* NetworkErrors.swift */ = {isa = PBXFileReference; lastKnownFileType = sourcecode.swift; path = NetworkErrors.swift; sourceTree = "<group>"; };
		B503093727C55D8B0066D0EB /* NetworkConfigurator.swift */ = {isa = PBXFileReference; lastKnownFileType = sourcecode.swift; path = NetworkConfigurator.swift; sourceTree = "<group>"; };
		B503093C27C55FB70066D0EB /* URLRequest+.swift */ = {isa = PBXFileReference; lastKnownFileType = sourcecode.swift; path = "URLRequest+.swift"; sourceTree = "<group>"; };
		B503093E27C5634B0066D0EB /* URLComponents+.swift */ = {isa = PBXFileReference; lastKnownFileType = sourcecode.swift; path = "URLComponents+.swift"; sourceTree = "<group>"; };
		B503094027C632650066D0EB /* NetworkSession.swift */ = {isa = PBXFileReference; lastKnownFileType = sourcecode.swift; path = NetworkSession.swift; sourceTree = "<group>"; };
		B503094227C632E10066D0EB /* URLSession+.swift */ = {isa = PBXFileReference; lastKnownFileType = sourcecode.swift; path = "URLSession+.swift"; sourceTree = "<group>"; };
		B503094527C636260066D0EB /* NetworkSessionMock.swift */ = {isa = PBXFileReference; lastKnownFileType = sourcecode.swift; path = NetworkSessionMock.swift; sourceTree = "<group>"; };
		B503094727C6B5AC0066D0EB /* NetworkServiceMock.swift */ = {isa = PBXFileReference; lastKnownFileType = sourcecode.swift; path = NetworkServiceMock.swift; sourceTree = "<group>"; };
		B503094927C8E8A90066D0EB /* JSONDecoder+.swift */ = {isa = PBXFileReference; lastKnownFileType = sourcecode.swift; path = "JSONDecoder+.swift"; sourceTree = "<group>"; };
		B503094B27C8E8CC0066D0EB /* JSONDecoderMock.swift */ = {isa = PBXFileReference; lastKnownFileType = sourcecode.swift; path = JSONDecoderMock.swift; sourceTree = "<group>"; };
		B503095027C925D60066D0EB /* HomeViewModel.swift */ = {isa = PBXFileReference; lastKnownFileType = sourcecode.swift; path = HomeViewModel.swift; sourceTree = "<group>"; };
		B503095427C92A1C0066D0EB /* ArtItemsService.swift */ = {isa = PBXFileReference; lastKnownFileType = sourcecode.swift; path = ArtItemsService.swift; sourceTree = "<group>"; };
		B503095627C92C630066D0EB /* ArtItemsAPIProvider.swift */ = {isa = PBXFileReference; lastKnownFileType = sourcecode.swift; path = ArtItemsAPIProvider.swift; sourceTree = "<group>"; };
/* End PBXFileReference section */

/* Begin PBXFrameworksBuildPhase section */
		B50308F327C4E2FE0066D0EB /* Frameworks */ = {
			isa = PBXFrameworksBuildPhase;
			buildActionMask = 2147483647;
			files = (
			);
			runOnlyForDeploymentPostprocessing = 0;
		};
		B503090927C4E3020066D0EB /* Frameworks */ = {
			isa = PBXFrameworksBuildPhase;
			buildActionMask = 2147483647;
			files = (
			);
			runOnlyForDeploymentPostprocessing = 0;
		};
		B503091327C4E3020066D0EB /* Frameworks */ = {
			isa = PBXFrameworksBuildPhase;
			buildActionMask = 2147483647;
			files = (
			);
			runOnlyForDeploymentPostprocessing = 0;
		};
/* End PBXFrameworksBuildPhase section */

/* Begin PBXGroup section */
		B50308ED27C4E2FE0066D0EB = {
			isa = PBXGroup;
			children = (
				B50308F827C4E2FE0066D0EB /* RijksArtGallery */,
				B503090F27C4E3020066D0EB /* RijksArtGalleryTests */,
				B503091927C4E3020066D0EB /* RijksArtGalleryUITests */,
				B50308F727C4E2FE0066D0EB /* Products */,
			);
			sourceTree = "<group>";
		};
		B50308F727C4E2FE0066D0EB /* Products */ = {
			isa = PBXGroup;
			children = (
				B50308F627C4E2FE0066D0EB /* RijksArtGallery.app */,
				B503090C27C4E3020066D0EB /* RijksArtGalleryTests.xctest */,
				B503091627C4E3020066D0EB /* RijksArtGalleryUITests.xctest */,
			);
			name = Products;
			sourceTree = "<group>";
		};
		B50308F827C4E2FE0066D0EB /* RijksArtGallery */ = {
			isa = PBXGroup;
			children = (
				B503090727C4E3020066D0EB /* Info.plist */,
				B503093B27C55FA40066D0EB /* Extensions */,
				B503092927C4E7880066D0EB /* Models */,
				B503092D27C4FE010066D0EB /* Networking */,
				B503094F27C923160066D0EB /* Screens */,
				B503092C27C4EB640066D0EB /* Support */,
			);
			path = RijksArtGallery;
			sourceTree = "<group>";
		};
		B503090F27C4E3020066D0EB /* RijksArtGalleryTests */ = {
			isa = PBXGroup;
			children = (
				B503094427C636040066D0EB /* Networking */,
			);
			path = RijksArtGalleryTests;
			sourceTree = "<group>";
		};
		B503091927C4E3020066D0EB /* RijksArtGalleryUITests */ = {
			isa = PBXGroup;
			children = (
				B503091A27C4E3020066D0EB /* RijksArtGalleryUITests.swift */,
				B503091C27C4E3020066D0EB /* RijksArtGalleryUITestsLaunchTests.swift */,
			);
			path = RijksArtGalleryUITests;
			sourceTree = "<group>";
		};
		B503092927C4E7880066D0EB /* Models */ = {
			isa = PBXGroup;
			children = (
				B503092A27C4E79D0066D0EB /* ArtItem.swift */,
			);
			path = Models;
			sourceTree = "<group>";
		};
		B503092C27C4EB640066D0EB /* Support */ = {
			isa = PBXGroup;
			children = (
				B50308F927C4E2FE0066D0EB /* AppDelegate.swift */,
				B50308FB27C4E2FE0066D0EB /* SceneDelegate.swift */,
				B503090227C4E3020066D0EB /* Assets.xcassets */,
				B503090427C4E3020066D0EB /* LaunchScreen.storyboard */,
			);
			path = Support;
			sourceTree = "<group>";
		};
		B503092D27C4FE010066D0EB /* Networking */ = {
			isa = PBXGroup;
			children = (
				B503093327C54C6E0066D0EB /* APICollection.swift */,
				B503093127C4FEDB0066D0EB /* HTTPMethod.swift */,
				B503093727C55D8B0066D0EB /* NetworkConfigurator.swift */,
				B503093527C5593F0066D0EB /* NetworkErrors.swift */,
				B503094027C632650066D0EB /* NetworkSession.swift */,
				B503092F27C4FE410066D0EB /* NetworkService.swift */,
				B503092E27C4FE2C0066D0EB /* Services */,
			);
			path = Networking;
			sourceTree = "<group>";
		};
		B503092E27C4FE2C0066D0EB /* Services */ = {
			isa = PBXGroup;
			children = (
				B503095327C929F30066D0EB /* ArtItems */,
			);
			path = Services;
			sourceTree = "<group>";
		};
		B503093B27C55FA40066D0EB /* Extensions */ = {
			isa = PBXGroup;
			children = (
				B503094927C8E8A90066D0EB /* JSONDecoder+.swift */,
				B503093E27C5634B0066D0EB /* URLComponents+.swift */,
				B503093C27C55FB70066D0EB /* URLRequest+.swift */,
				B503094227C632E10066D0EB /* URLSession+.swift */,
			);
			path = Extensions;
			sourceTree = "<group>";
		};
		B503094427C636040066D0EB /* Networking */ = {
			isa = PBXGroup;
			children = (
				B503091027C4E3020066D0EB /* NetworkingTests.swift */,
				B503094D27C8E8E00066D0EB /* Mocks */,
			);
			path = Networking;
			sourceTree = "<group>";
		};
		B503094D27C8E8E00066D0EB /* Mocks */ = {
			isa = PBXGroup;
			children = (
				B503094B27C8E8CC0066D0EB /* JSONDecoderMock.swift */,
				B503094727C6B5AC0066D0EB /* NetworkServiceMock.swift */,
				B503094527C636260066D0EB /* NetworkSessionMock.swift */,
			);
			path = Mocks;
			sourceTree = "<group>";
		};
		B503094F27C923160066D0EB /* Screens */ = {
			isa = PBXGroup;
			children = (
				B503095227C925D80066D0EB /* Home */,
			);
			path = Screens;
			sourceTree = "<group>";
		};
		B503095227C925D80066D0EB /* Home */ = {
			isa = PBXGroup;
			children = (
				B50308FD27C4E2FE0066D0EB /* HomeViewController.swift */,
				B503095027C925D60066D0EB /* HomeViewModel.swift */,
			);
			path = Home;
			sourceTree = "<group>";
		};
		B503095327C929F30066D0EB /* ArtItems */ = {
			isa = PBXGroup;
			children = (
				B503095427C92A1C0066D0EB /* ArtItemsService.swift */,
				B503095627C92C630066D0EB /* ArtItemsAPIProvider.swift */,
			);
			path = ArtItems;
			sourceTree = "<group>";
		};
/* End PBXGroup section */

/* Begin PBXNativeTarget section */
		B50308F527C4E2FE0066D0EB /* RijksArtGallery */ = {
			isa = PBXNativeTarget;
			buildConfigurationList = B503092027C4E3020066D0EB /* Build configuration list for PBXNativeTarget "RijksArtGallery" */;
			buildPhases = (
				B50308F227C4E2FE0066D0EB /* Sources */,
				B50308F327C4E2FE0066D0EB /* Frameworks */,
				B50308F427C4E2FE0066D0EB /* Resources */,
			);
			buildRules = (
			);
			dependencies = (
			);
			name = RijksArtGallery;
			productName = RijksArtGallery;
			productReference = B50308F627C4E2FE0066D0EB /* RijksArtGallery.app */;
			productType = "com.apple.product-type.application";
		};
		B503090B27C4E3020066D0EB /* RijksArtGalleryTests */ = {
			isa = PBXNativeTarget;
			buildConfigurationList = B503092327C4E3020066D0EB /* Build configuration list for PBXNativeTarget "RijksArtGalleryTests" */;
			buildPhases = (
				B503090827C4E3020066D0EB /* Sources */,
				B503090927C4E3020066D0EB /* Frameworks */,
				B503090A27C4E3020066D0EB /* Resources */,
			);
			buildRules = (
			);
			dependencies = (
				B503090E27C4E3020066D0EB /* PBXTargetDependency */,
			);
			name = RijksArtGalleryTests;
			productName = RijksArtGalleryTests;
			productReference = B503090C27C4E3020066D0EB /* RijksArtGalleryTests.xctest */;
			productType = "com.apple.product-type.bundle.unit-test";
		};
		B503091527C4E3020066D0EB /* RijksArtGalleryUITests */ = {
			isa = PBXNativeTarget;
			buildConfigurationList = B503092627C4E3020066D0EB /* Build configuration list for PBXNativeTarget "RijksArtGalleryUITests" */;
			buildPhases = (
				B503091227C4E3020066D0EB /* Sources */,
				B503091327C4E3020066D0EB /* Frameworks */,
				B503091427C4E3020066D0EB /* Resources */,
			);
			buildRules = (
			);
			dependencies = (
				B503091827C4E3020066D0EB /* PBXTargetDependency */,
			);
			name = RijksArtGalleryUITests;
			productName = RijksArtGalleryUITests;
			productReference = B503091627C4E3020066D0EB /* RijksArtGalleryUITests.xctest */;
			productType = "com.apple.product-type.bundle.ui-testing";
		};
/* End PBXNativeTarget section */

/* Begin PBXProject section */
		B50308EE27C4E2FE0066D0EB /* Project object */ = {
			isa = PBXProject;
			attributes = {
				BuildIndependentTargetsInParallel = 1;
				LastSwiftUpdateCheck = 1310;
				LastUpgradeCheck = 1310;
				TargetAttributes = {
					B50308F527C4E2FE0066D0EB = {
						CreatedOnToolsVersion = 13.1;
					};
					B503090B27C4E3020066D0EB = {
						CreatedOnToolsVersion = 13.1;
						TestTargetID = B50308F527C4E2FE0066D0EB;
					};
					B503091527C4E3020066D0EB = {
						CreatedOnToolsVersion = 13.1;
						TestTargetID = B50308F527C4E2FE0066D0EB;
					};
				};
			};
			buildConfigurationList = B50308F127C4E2FE0066D0EB /* Build configuration list for PBXProject "RijksArtGallery" */;
			compatibilityVersion = "Xcode 13.0";
			developmentRegion = en;
			hasScannedForEncodings = 0;
			knownRegions = (
				en,
				Base,
			);
			mainGroup = B50308ED27C4E2FE0066D0EB;
			productRefGroup = B50308F727C4E2FE0066D0EB /* Products */;
			projectDirPath = "";
			projectRoot = "";
			targets = (
				B50308F527C4E2FE0066D0EB /* RijksArtGallery */,
				B503090B27C4E3020066D0EB /* RijksArtGalleryTests */,
				B503091527C4E3020066D0EB /* RijksArtGalleryUITests */,
			);
		};
/* End PBXProject section */

/* Begin PBXResourcesBuildPhase section */
		B50308F427C4E2FE0066D0EB /* Resources */ = {
			isa = PBXResourcesBuildPhase;
			buildActionMask = 2147483647;
			files = (
				B503090627C4E3020066D0EB /* LaunchScreen.storyboard in Resources */,
				B503090327C4E3020066D0EB /* Assets.xcassets in Resources */,
			);
			runOnlyForDeploymentPostprocessing = 0;
		};
		B503090A27C4E3020066D0EB /* Resources */ = {
			isa = PBXResourcesBuildPhase;
			buildActionMask = 2147483647;
			files = (
			);
			runOnlyForDeploymentPostprocessing = 0;
		};
		B503091427C4E3020066D0EB /* Resources */ = {
			isa = PBXResourcesBuildPhase;
			buildActionMask = 2147483647;
			files = (
			);
			runOnlyForDeploymentPostprocessing = 0;
		};
/* End PBXResourcesBuildPhase section */

/* Begin PBXSourcesBuildPhase section */
		B50308F227C4E2FE0066D0EB /* Sources */ = {
			isa = PBXSourcesBuildPhase;
			buildActionMask = 2147483647;
			files = (
				B503093027C4FE410066D0EB /* NetworkService.swift in Sources */,
				B503093827C55D8B0066D0EB /* NetworkConfigurator.swift in Sources */,
				B50308FE27C4E2FE0066D0EB /* HomeViewController.swift in Sources */,
				B503093227C4FEDB0066D0EB /* HTTPMethod.swift in Sources */,
				B503093427C54C6E0066D0EB /* APICollection.swift in Sources */,
				B503094327C632E10066D0EB /* URLSession+.swift in Sources */,
				B503095527C92A1C0066D0EB /* ArtItemsService.swift in Sources */,
				B50308FA27C4E2FE0066D0EB /* AppDelegate.swift in Sources */,
				B503093627C5593F0066D0EB /* NetworkErrors.swift in Sources */,
				B503093F27C5634B0066D0EB /* URLComponents+.swift in Sources */,
				B503092B27C4E79D0066D0EB /* ArtItem.swift in Sources */,
				B503094127C632650066D0EB /* NetworkSession.swift in Sources */,
				B503095727C92C630066D0EB /* ArtItemsAPIProvider.swift in Sources */,
				B50308FC27C4E2FE0066D0EB /* SceneDelegate.swift in Sources */,
				B503094A27C8E8A90066D0EB /* JSONDecoder+.swift in Sources */,
				B503095127C925D60066D0EB /* HomeViewModel.swift in Sources */,
				B503093D27C55FB70066D0EB /* URLRequest+.swift in Sources */,
			);
			runOnlyForDeploymentPostprocessing = 0;
		};
		B503090827C4E3020066D0EB /* Sources */ = {
			isa = PBXSourcesBuildPhase;
			buildActionMask = 2147483647;
			files = (
				B503091127C4E3020066D0EB /* NetworkingTests.swift in Sources */,
				B503094627C636260066D0EB /* NetworkSessionMock.swift in Sources */,
				B503094C27C8E8CC0066D0EB /* JSONDecoderMock.swift in Sources */,
				B503094827C6B5AC0066D0EB /* NetworkServiceMock.swift in Sources */,
			);
			runOnlyForDeploymentPostprocessing = 0;
		};
		B503091227C4E3020066D0EB /* Sources */ = {
			isa = PBXSourcesBuildPhase;
			buildActionMask = 2147483647;
			files = (
				B503091B27C4E3020066D0EB /* RijksArtGalleryUITests.swift in Sources */,
				B503091D27C4E3020066D0EB /* RijksArtGalleryUITestsLaunchTests.swift in Sources */,
			);
			runOnlyForDeploymentPostprocessing = 0;
		};
/* End PBXSourcesBuildPhase section */

/* Begin PBXTargetDependency section */
		B503090E27C4E3020066D0EB /* PBXTargetDependency */ = {
			isa = PBXTargetDependency;
			target = B50308F527C4E2FE0066D0EB /* RijksArtGallery */;
			targetProxy = B503090D27C4E3020066D0EB /* PBXContainerItemProxy */;
		};
		B503091827C4E3020066D0EB /* PBXTargetDependency */ = {
			isa = PBXTargetDependency;
			target = B50308F527C4E2FE0066D0EB /* RijksArtGallery */;
			targetProxy = B503091727C4E3020066D0EB /* PBXContainerItemProxy */;
		};
/* End PBXTargetDependency section */

/* Begin PBXVariantGroup section */
		B503090427C4E3020066D0EB /* LaunchScreen.storyboard */ = {
			isa = PBXVariantGroup;
			children = (
				B503090527C4E3020066D0EB /* Base */,
			);
			name = LaunchScreen.storyboard;
			sourceTree = "<group>";
		};
/* End PBXVariantGroup section */

/* Begin XCBuildConfiguration section */
		B503091E27C4E3020066D0EB /* Debug */ = {
			isa = XCBuildConfiguration;
			buildSettings = {
				ALWAYS_SEARCH_USER_PATHS = NO;
				CLANG_ANALYZER_NONNULL = YES;
				CLANG_ANALYZER_NUMBER_OBJECT_CONVERSION = YES_AGGRESSIVE;
				CLANG_CXX_LANGUAGE_STANDARD = "gnu++17";
				CLANG_CXX_LIBRARY = "libc++";
				CLANG_ENABLE_MODULES = YES;
				CLANG_ENABLE_OBJC_ARC = YES;
				CLANG_ENABLE_OBJC_WEAK = YES;
				CLANG_WARN_BLOCK_CAPTURE_AUTORELEASING = YES;
				CLANG_WARN_BOOL_CONVERSION = YES;
				CLANG_WARN_COMMA = YES;
				CLANG_WARN_CONSTANT_CONVERSION = YES;
				CLANG_WARN_DEPRECATED_OBJC_IMPLEMENTATIONS = YES;
				CLANG_WARN_DIRECT_OBJC_ISA_USAGE = YES_ERROR;
				CLANG_WARN_DOCUMENTATION_COMMENTS = YES;
				CLANG_WARN_EMPTY_BODY = YES;
				CLANG_WARN_ENUM_CONVERSION = YES;
				CLANG_WARN_INFINITE_RECURSION = YES;
				CLANG_WARN_INT_CONVERSION = YES;
				CLANG_WARN_NON_LITERAL_NULL_CONVERSION = YES;
				CLANG_WARN_OBJC_IMPLICIT_RETAIN_SELF = YES;
				CLANG_WARN_OBJC_LITERAL_CONVERSION = YES;
				CLANG_WARN_OBJC_ROOT_CLASS = YES_ERROR;
				CLANG_WARN_QUOTED_INCLUDE_IN_FRAMEWORK_HEADER = YES;
				CLANG_WARN_RANGE_LOOP_ANALYSIS = YES;
				CLANG_WARN_STRICT_PROTOTYPES = YES;
				CLANG_WARN_SUSPICIOUS_MOVE = YES;
				CLANG_WARN_UNGUARDED_AVAILABILITY = YES_AGGRESSIVE;
				CLANG_WARN_UNREACHABLE_CODE = YES;
				CLANG_WARN__DUPLICATE_METHOD_MATCH = YES;
				COPY_PHASE_STRIP = NO;
				DEBUG_INFORMATION_FORMAT = dwarf;
				ENABLE_STRICT_OBJC_MSGSEND = YES;
				ENABLE_TESTABILITY = YES;
				GCC_C_LANGUAGE_STANDARD = gnu11;
				GCC_DYNAMIC_NO_PIC = NO;
				GCC_NO_COMMON_BLOCKS = YES;
				GCC_OPTIMIZATION_LEVEL = 0;
				GCC_PREPROCESSOR_DEFINITIONS = (
					"DEBUG=1",
					"$(inherited)",
				);
				GCC_WARN_64_TO_32_BIT_CONVERSION = YES;
				GCC_WARN_ABOUT_RETURN_TYPE = YES_ERROR;
				GCC_WARN_UNDECLARED_SELECTOR = YES;
				GCC_WARN_UNINITIALIZED_AUTOS = YES_AGGRESSIVE;
				GCC_WARN_UNUSED_FUNCTION = YES;
				GCC_WARN_UNUSED_VARIABLE = YES;
				IPHONEOS_DEPLOYMENT_TARGET = 13.0;
				MTL_ENABLE_DEBUG_INFO = INCLUDE_SOURCE;
				MTL_FAST_MATH = YES;
				ONLY_ACTIVE_ARCH = YES;
				SDKROOT = iphoneos;
				SWIFT_ACTIVE_COMPILATION_CONDITIONS = DEBUG;
				SWIFT_OPTIMIZATION_LEVEL = "-Onone";
			};
			name = Debug;
		};
		B503091F27C4E3020066D0EB /* Release */ = {
			isa = XCBuildConfiguration;
			buildSettings = {
				ALWAYS_SEARCH_USER_PATHS = NO;
				CLANG_ANALYZER_NONNULL = YES;
				CLANG_ANALYZER_NUMBER_OBJECT_CONVERSION = YES_AGGRESSIVE;
				CLANG_CXX_LANGUAGE_STANDARD = "gnu++17";
				CLANG_CXX_LIBRARY = "libc++";
				CLANG_ENABLE_MODULES = YES;
				CLANG_ENABLE_OBJC_ARC = YES;
				CLANG_ENABLE_OBJC_WEAK = YES;
				CLANG_WARN_BLOCK_CAPTURE_AUTORELEASING = YES;
				CLANG_WARN_BOOL_CONVERSION = YES;
				CLANG_WARN_COMMA = YES;
				CLANG_WARN_CONSTANT_CONVERSION = YES;
				CLANG_WARN_DEPRECATED_OBJC_IMPLEMENTATIONS = YES;
				CLANG_WARN_DIRECT_OBJC_ISA_USAGE = YES_ERROR;
				CLANG_WARN_DOCUMENTATION_COMMENTS = YES;
				CLANG_WARN_EMPTY_BODY = YES;
				CLANG_WARN_ENUM_CONVERSION = YES;
				CLANG_WARN_INFINITE_RECURSION = YES;
				CLANG_WARN_INT_CONVERSION = YES;
				CLANG_WARN_NON_LITERAL_NULL_CONVERSION = YES;
				CLANG_WARN_OBJC_IMPLICIT_RETAIN_SELF = YES;
				CLANG_WARN_OBJC_LITERAL_CONVERSION = YES;
				CLANG_WARN_OBJC_ROOT_CLASS = YES_ERROR;
				CLANG_WARN_QUOTED_INCLUDE_IN_FRAMEWORK_HEADER = YES;
				CLANG_WARN_RANGE_LOOP_ANALYSIS = YES;
				CLANG_WARN_STRICT_PROTOTYPES = YES;
				CLANG_WARN_SUSPICIOUS_MOVE = YES;
				CLANG_WARN_UNGUARDED_AVAILABILITY = YES_AGGRESSIVE;
				CLANG_WARN_UNREACHABLE_CODE = YES;
				CLANG_WARN__DUPLICATE_METHOD_MATCH = YES;
				COPY_PHASE_STRIP = NO;
				DEBUG_INFORMATION_FORMAT = "dwarf-with-dsym";
				ENABLE_NS_ASSERTIONS = NO;
				ENABLE_STRICT_OBJC_MSGSEND = YES;
				GCC_C_LANGUAGE_STANDARD = gnu11;
				GCC_NO_COMMON_BLOCKS = YES;
				GCC_WARN_64_TO_32_BIT_CONVERSION = YES;
				GCC_WARN_ABOUT_RETURN_TYPE = YES_ERROR;
				GCC_WARN_UNDECLARED_SELECTOR = YES;
				GCC_WARN_UNINITIALIZED_AUTOS = YES_AGGRESSIVE;
				GCC_WARN_UNUSED_FUNCTION = YES;
				GCC_WARN_UNUSED_VARIABLE = YES;
				IPHONEOS_DEPLOYMENT_TARGET = 13.0;
				MTL_ENABLE_DEBUG_INFO = NO;
				MTL_FAST_MATH = YES;
				SDKROOT = iphoneos;
				SWIFT_COMPILATION_MODE = wholemodule;
				SWIFT_OPTIMIZATION_LEVEL = "-O";
				VALIDATE_PRODUCT = YES;
			};
			name = Release;
		};
		B503092127C4E3020066D0EB /* Debug */ = {
			isa = XCBuildConfiguration;
			buildSettings = {
				ASSETCATALOG_COMPILER_APPICON_NAME = AppIcon;
				ASSETCATALOG_COMPILER_GLOBAL_ACCENT_COLOR_NAME = AccentColor;
				CODE_SIGN_STYLE = Automatic;
				CURRENT_PROJECT_VERSION = 1;
				DEVELOPMENT_TEAM = K5J2C2N6HV;
				GENERATE_INFOPLIST_FILE = YES;
				INFOPLIST_FILE = RijksArtGallery/Info.plist;
				INFOPLIST_KEY_UIApplicationSupportsIndirectInputEvents = YES;
				INFOPLIST_KEY_UILaunchStoryboardName = LaunchScreen;
				INFOPLIST_KEY_UISupportedInterfaceOrientations_iPad = "UIInterfaceOrientationPortrait UIInterfaceOrientationPortraitUpsideDown UIInterfaceOrientationLandscapeLeft UIInterfaceOrientationLandscapeRight";
				INFOPLIST_KEY_UISupportedInterfaceOrientations_iPhone = "UIInterfaceOrientationPortrait UIInterfaceOrientationLandscapeLeft UIInterfaceOrientationLandscapeRight";
				LD_RUNPATH_SEARCH_PATHS = (
					"$(inherited)",
					"@executable_path/Frameworks",
				);
				MARKETING_VERSION = 1.0;
				PRODUCT_BUNDLE_IDENTIFIER = it.emanuele.bordone.RijksArtGallery;
				PRODUCT_NAME = "$(TARGET_NAME)";
				SWIFT_EMIT_LOC_STRINGS = YES;
				SWIFT_VERSION = 5.0;
				TARGETED_DEVICE_FAMILY = "1,2";
			};
			name = Debug;
		};
		B503092227C4E3020066D0EB /* Release */ = {
			isa = XCBuildConfiguration;
			buildSettings = {
				ASSETCATALOG_COMPILER_APPICON_NAME = AppIcon;
				ASSETCATALOG_COMPILER_GLOBAL_ACCENT_COLOR_NAME = AccentColor;
				CODE_SIGN_STYLE = Automatic;
				CURRENT_PROJECT_VERSION = 1;
				DEVELOPMENT_TEAM = K5J2C2N6HV;
				GENERATE_INFOPLIST_FILE = YES;
				INFOPLIST_FILE = RijksArtGallery/Info.plist;
				INFOPLIST_KEY_UIApplicationSupportsIndirectInputEvents = YES;
				INFOPLIST_KEY_UILaunchStoryboardName = LaunchScreen;
				INFOPLIST_KEY_UISupportedInterfaceOrientations_iPad = "UIInterfaceOrientationPortrait UIInterfaceOrientationPortraitUpsideDown UIInterfaceOrientationLandscapeLeft UIInterfaceOrientationLandscapeRight";
				INFOPLIST_KEY_UISupportedInterfaceOrientations_iPhone = "UIInterfaceOrientationPortrait UIInterfaceOrientationLandscapeLeft UIInterfaceOrientationLandscapeRight";
				LD_RUNPATH_SEARCH_PATHS = (
					"$(inherited)",
					"@executable_path/Frameworks",
				);
				MARKETING_VERSION = 1.0;
				PRODUCT_BUNDLE_IDENTIFIER = it.emanuele.bordone.RijksArtGallery;
				PRODUCT_NAME = "$(TARGET_NAME)";
				SWIFT_EMIT_LOC_STRINGS = YES;
				SWIFT_VERSION = 5.0;
				TARGETED_DEVICE_FAMILY = "1,2";
			};
			name = Release;
		};
		B503092427C4E3020066D0EB /* Debug */ = {
			isa = XCBuildConfiguration;
			buildSettings = {
				ALWAYS_EMBED_SWIFT_STANDARD_LIBRARIES = YES;
				BUNDLE_LOADER = "$(TEST_HOST)";
				CODE_SIGN_STYLE = Automatic;
				CURRENT_PROJECT_VERSION = 1;
				DEVELOPMENT_TEAM = K5J2C2N6HV;
				GENERATE_INFOPLIST_FILE = YES;
				IPHONEOS_DEPLOYMENT_TARGET = 15.0;
				LD_RUNPATH_SEARCH_PATHS = (
					"$(inherited)",
					"@executable_path/Frameworks",
					"@loader_path/Frameworks",
				);
				MARKETING_VERSION = 1.0;
				PRODUCT_BUNDLE_IDENTIFIER = it.emanuele.bordone.RijksArtGalleryTests;
				PRODUCT_NAME = "$(TARGET_NAME)";
				SWIFT_EMIT_LOC_STRINGS = NO;
				SWIFT_VERSION = 5.0;
				TARGETED_DEVICE_FAMILY = "1,2";
				TEST_HOST = "$(BUILT_PRODUCTS_DIR)/RijksArtGallery.app/RijksArtGallery";
			};
			name = Debug;
		};
		B503092527C4E3020066D0EB /* Release */ = {
			isa = XCBuildConfiguration;
			buildSettings = {
				ALWAYS_EMBED_SWIFT_STANDARD_LIBRARIES = YES;
				BUNDLE_LOADER = "$(TEST_HOST)";
				CODE_SIGN_STYLE = Automatic;
				CURRENT_PROJECT_VERSION = 1;
				DEVELOPMENT_TEAM = K5J2C2N6HV;
				GENERATE_INFOPLIST_FILE = YES;
				IPHONEOS_DEPLOYMENT_TARGET = 15.0;
				LD_RUNPATH_SEARCH_PATHS = (
					"$(inherited)",
					"@executable_path/Frameworks",
					"@loader_path/Frameworks",
				);
				MARKETING_VERSION = 1.0;
				PRODUCT_BUNDLE_IDENTIFIER = it.emanuele.bordone.RijksArtGalleryTests;
				PRODUCT_NAME = "$(TARGET_NAME)";
				SWIFT_EMIT_LOC_STRINGS = NO;
				SWIFT_VERSION = 5.0;
				TARGETED_DEVICE_FAMILY = "1,2";
				TEST_HOST = "$(BUILT_PRODUCTS_DIR)/RijksArtGallery.app/RijksArtGallery";
			};
			name = Release;
		};
		B503092727C4E3020066D0EB /* Debug */ = {
			isa = XCBuildConfiguration;
			buildSettings = {
				ALWAYS_EMBED_SWIFT_STANDARD_LIBRARIES = YES;
				CODE_SIGN_STYLE = Automatic;
				CURRENT_PROJECT_VERSION = 1;
				DEVELOPMENT_TEAM = K5J2C2N6HV;
				GENERATE_INFOPLIST_FILE = YES;
				LD_RUNPATH_SEARCH_PATHS = (
					"$(inherited)",
					"@executable_path/Frameworks",
					"@loader_path/Frameworks",
				);
				MARKETING_VERSION = 1.0;
				PRODUCT_BUNDLE_IDENTIFIER = it.emanuele.bordone.RijksArtGalleryUITests;
				PRODUCT_NAME = "$(TARGET_NAME)";
				SWIFT_EMIT_LOC_STRINGS = NO;
				SWIFT_VERSION = 5.0;
				TARGETED_DEVICE_FAMILY = "1,2";
				TEST_TARGET_NAME = RijksArtGallery;
			};
			name = Debug;
		};
		B503092827C4E3020066D0EB /* Release */ = {
			isa = XCBuildConfiguration;
			buildSettings = {
				ALWAYS_EMBED_SWIFT_STANDARD_LIBRARIES = YES;
				CODE_SIGN_STYLE = Automatic;
				CURRENT_PROJECT_VERSION = 1;
				DEVELOPMENT_TEAM = K5J2C2N6HV;
				GENERATE_INFOPLIST_FILE = YES;
				LD_RUNPATH_SEARCH_PATHS = (
					"$(inherited)",
					"@executable_path/Frameworks",
					"@loader_path/Frameworks",
				);
				MARKETING_VERSION = 1.0;
				PRODUCT_BUNDLE_IDENTIFIER = it.emanuele.bordone.RijksArtGalleryUITests;
				PRODUCT_NAME = "$(TARGET_NAME)";
				SWIFT_EMIT_LOC_STRINGS = NO;
				SWIFT_VERSION = 5.0;
				TARGETED_DEVICE_FAMILY = "1,2";
				TEST_TARGET_NAME = RijksArtGallery;
			};
			name = Release;
		};
/* End XCBuildConfiguration section */

/* Begin XCConfigurationList section */
		B50308F127C4E2FE0066D0EB /* Build configuration list for PBXProject "RijksArtGallery" */ = {
			isa = XCConfigurationList;
			buildConfigurations = (
				B503091E27C4E3020066D0EB /* Debug */,
				B503091F27C4E3020066D0EB /* Release */,
			);
			defaultConfigurationIsVisible = 0;
			defaultConfigurationName = Release;
		};
		B503092027C4E3020066D0EB /* Build configuration list for PBXNativeTarget "RijksArtGallery" */ = {
			isa = XCConfigurationList;
			buildConfigurations = (
				B503092127C4E3020066D0EB /* Debug */,
				B503092227C4E3020066D0EB /* Release */,
			);
			defaultConfigurationIsVisible = 0;
			defaultConfigurationName = Release;
		};
		B503092327C4E3020066D0EB /* Build configuration list for PBXNativeTarget "RijksArtGalleryTests" */ = {
			isa = XCConfigurationList;
			buildConfigurations = (
				B503092427C4E3020066D0EB /* Debug */,
				B503092527C4E3020066D0EB /* Release */,
			);
			defaultConfigurationIsVisible = 0;
			defaultConfigurationName = Release;
		};
		B503092627C4E3020066D0EB /* Build configuration list for PBXNativeTarget "RijksArtGalleryUITests" */ = {
			isa = XCConfigurationList;
			buildConfigurations = (
				B503092727C4E3020066D0EB /* Debug */,
				B503092827C4E3020066D0EB /* Release */,
			);
			defaultConfigurationIsVisible = 0;
			defaultConfigurationName = Release;
		};
/* End XCConfigurationList section */
	};
	rootObject = B50308EE27C4E2FE0066D0EB /* Project object */;
}
